{
    "_meta": {
        "hash": {
            "sha256": "f7f3cda9506a91e73592f6c76c1048464bcd6f2e753a50eb79d63f30517352dc"
        },
        "pipfile-spec": 6,
        "requires": {
            "python_version": "3.7"
        },
        "sources": [
            {
                "name": "pypi",
                "url": "https://pypi.org/simple",
                "verify_ssl": true
            }
        ]
    },
    "default": {
        "wand": {
            "hashes": [
                "sha256:7d6b8dc9d4eaccc430b9c86e6b749013220c994970a3f39e902b397e2fa732c3",
                "sha256:cc0b5c9cd50fecd10dc8888b739dd5984c6f8085d2954f34903b83ca39a91236"
            ],
            "index": "pypi",
            "version": "==0.5.1"
        }
    },
    "develop": {}
}
